PODS:
  - FlickrKit (1.0.3)
  - MDCSwipeToChoose (0.2.1)
  - SDWebImage (3.7.0):
    - SDWebImage/Core (= 3.7.0)
  - SDWebImage/Core (3.7.0)

DEPENDENCIES:
  - FlickrKit
  - MDCSwipeToChoose
  - SDWebImage

SPEC CHECKSUMS:
  FlickrKit: 241b47e21e32f8d2a4f7d8612580afb4c2bbaf48
  MDCSwipeToChoose: af5b0c5caefbd88e3b525fc479e4f35c886699ab
  SDWebImage: b42db92951f9d565c55f1d7f1d5efe47e33a7515

COCOAPODS: 0.39.0
